// !$*UTF8*$!
{
	archiveVersion = 1;
	classes = {
	};
	objectVersion = 46;
	objects = {

/* Begin PBXBuildFile section */
		5F3E299E214A635B004CB1ED /* AppDelegate.swift in Sources */ = {isa = PBXBuildFile; fileRef = 5F3E299D214A635B004CB1ED /* AppDelegate.swift */; };
		5F3E29A0214A635B004CB1ED /* ViewController.swift in Sources */ = {isa = PBXBuildFile; fileRef = 5F3E299F214A635B004CB1ED /* ViewController.swift */; };
		5F3E29A3214A635B004CB1ED /* Main.storyboard in Resources */ = {isa = PBXBuildFile; fileRef = 5F3E29A1214A635B004CB1ED /* Main.storyboard */; };
		5F3E29A5214A635B004CB1ED /* Assets.xcassets in Resources */ = {isa = PBXBuildFile; fileRef = 5F3E29A4214A635B004CB1ED /* Assets.xcassets */; };
		5F3E29A8214A635B004CB1ED /* LaunchScreen.storyboard in Resources */ = {isa = PBXBuildFile; fileRef = 5F3E29A6214A635B004CB1ED /* LaunchScreen.storyboard */; };
		5F3E29B1214A6D17004CB1ED /* MapKit.framework in Frameworks */ = {isa = PBXBuildFile; fileRef = 5F3E29B0214A6D17004CB1ED /* MapKit.framework */; };
/* End PBXBuildFile section */

/* Begin PBXFileReference section */
		5F3E299A214A635B004CB1ED /* Hola Mundo.app */ = {isa = PBXFileReference; explicitFileType = wrapper.application; includeInIndex = 0; path = "Hola Mundo.app"; sourceTree = BUILT_PRODUCTS_DIR; };
		5F3E299D214A635B004CB1ED /* AppDelegate.swift */ = {isa = PBXFileReference; lastKnownFileType = sourcecode.swift; path = AppDelegate.swift; sourceTree = "<group>"; };
		5F3E299F214A635B004CB1ED /* ViewController.swift */ = {isa = PBXFileReference; lastKnownFileType = sourcecode.swift; path = ViewController.swift; sourceTree = "<group>"; };
		5F3E29A2214A635B004CB1ED /* Base */ = {isa = PBXFileReference; lastKnownFileType = file.storyboard; name = Base; path = Base.lproj/Main.storyboard; sourceTree = "<group>"; };
		5F3E29A4214A635B004CB1ED /* Assets.xcassets */ = {isa = PBXFileReference; lastKnownFileType = folder.assetcatalog; path = Assets.xcassets; sourceTree = "<group>"; };
		5F3E29A7214A635B004CB1ED /* Base */ = {isa = PBXFileReference; lastKnownFileType = file.storyboard; name = Base; path = Base.lproj/LaunchScreen.storyboard; sourceTree = "<group>"; };
		5F3E29A9214A635B004CB1ED /* Info.plist */ = {isa = PBXFileReference; lastKnownFileType = text.plist.xml; path = Info.plist; sourceTree = "<group>"; };
		5F3E29B0214A6D17004CB1ED /* MapKit.framework */ = {isa = PBXFileReference; lastKnownFileType = wrapper.framework; name = MapKit.framework; path = System/Library/Frameworks/MapKit.framework; sourceTree = SDKROOT; };
/* End PBXFileReference section */

/* Begin PBXFrameworksBuildPhase section */
		5F3E2997214A635B004CB1ED /* Frameworks */ = {
			isa = PBXFrameworksBuildPhase;
			buildActionMask = 2147483647;
			files = (
				5F3E29B1214A6D17004CB1ED /* MapKit.framework in Frameworks */,
			);
			runOnlyForDeploymentPostprocessing = 0;
		};
/* End PBXFrameworksBuildPhase section */

/* Begin PBXGroup section */
		5F3E2991214A635B004CB1ED = {
			isa = PBXGroup;
			children = (
				5F3E299C214A635B004CB1ED /* Hola Mundo */,
				5F3E299B214A635B004CB1ED /* Products */,
				5F3E29AF214A6D16004CB1ED /* Frameworks */,
			);
			sourceTree = "<group>";
		};
		5F3E299B214A635B004CB1ED /* Products */ = {
			isa = PBXGroup;
			children = (
				5F3E299A214A635B004CB1ED /* Hola Mundo.app */,
			);
			name = Products;
			sourceTree = "<group>";
		};
		5F3E299C214A635B004CB1ED /* Hola Mundo */ = {
			isa = PBXGroup;
			children = (
				5F3E299D214A635B004CB1ED /* AppDelegate.swift */,
				5F3E299F214A635B004CB1ED /* ViewController.swift */,
				5F3E29A1214A635B004CB1ED /* Main.storyboard */,
				5F3E29A4214A635B004CB1ED /* Assets.xcassets */,
				5F3E29A6214A635B004CB1ED /* LaunchScreen.storyboard */,
				5F3E29A9214A635B004CB1ED /* Info.plist */,
			);
			path = "Hola Mundo";
			sourceTree = "<group>";
		};
		5F3E29AF214A6D16004CB1ED /* Frameworks */ = {
			isa = PBXGroup;
			children = (
				5F3E29B0214A6D17004CB1ED /* MapKit.framework */,
			);
			name = Frameworks;
			sourceTree = "<group>";
		};
/* End PBXGroup section */

/* Begin PBXNativeTarget section */
		5F3E2999214A635B004CB1ED /* Hola Mundo */ = {
			isa = PBXNativeTarget;
			buildConfigurationList = 5F3E29AC214A635B004CB1ED /* Build configuration list for PBXNativeTarget "Hola Mundo" */;
			buildPhases = (
				5F3E2996214A635B004CB1ED /* Sources */,
				5F3E2997214A635B004CB1ED /* Frameworks */,
				5F3E2998214A635B004CB1ED /* Resources */,
			);
			buildRules = (
			);
			dependencies = (
			);
			name = "Hola Mundo";
			productName = "Hola Mundo";
			productReference = 5F3E299A214A635B004CB1ED /* Hola Mundo.app */;
			productType = "com.apple.product-type.application";
		};
/* End PBXNativeTarget section */

/* Begin PBXProject section */
		5F3E2992214A635B004CB1ED /* Project object */ = {
			isa = PBXProject;
			attributes = {
				LastSwiftUpdateCheck = 0820;
				LastUpgradeCheck = 0820;
				ORGANIZATIONNAME = "g888 DIT UPM";
				TargetAttributes = {
					5F3E2999214A635B004CB1ED = {
						CreatedOnToolsVersion = 8.2.1;
						ProvisioningStyle = Automatic;
					};
				};
			};
			buildConfigurationList = 5F3E2995214A635B004CB1ED /* Build configuration list for PBXProject "Hola Mundo" */;
			compatibilityVersion = "Xcode 3.2";
			developmentRegion = English;
			hasScannedForEncodings = 0;
			knownRegions = (
				en,
				Base,
			);
			mainGroup = 5F3E2991214A635B004CB1ED;
			productRefGroup = 5F3E299B214A635B004CB1ED /* Products */;
			projectDirPath = "";
			projectRoot = "";
			targets = (
				5F3E2999214A635B004CB1ED /* Hola Mundo */,
			);
		};
/* End PBXProject section */

/* Begin PBXResourcesBuildPhase section */
		5F3E2998214A635B004CB1ED /* Resources */ = {
			isa = PBXResourcesBuildPhase;
			buildActionMask = 2147483647;
			files = (
				5F3E29A8214A635B004CB1ED /* LaunchScreen.storyboard in Resources */,
				5F3E29A5214A635B004CB1ED /* Assets.xcassets in Resources */,
				5F3E29A3214A635B004CB1ED /* Main.storyboard in Resources */,
			);
			runOnlyForDeploymentPostprocessing = 0;
		};
/* End PBXResourcesBuildPhase section */

/* Begin PBXSourcesBuildPhase section */
		5F3E2996214A635B004CB1ED /* Sources */ = {
			isa = PBXSourcesBuildPhase;
			buildActionMask = 2147483647;
			files = (
				5F3E29A0214A635B004CB1ED /* ViewController.swift in Sources */,
				5F3E299E214A635B004CB1ED /* AppDelegate.swift in Sources */,
			);
			runOnlyForDeploymentPostprocessing = 0;
		};
/* End PBXSourcesBuildPhase section */

/* Begin PBXVariantGroup section */
		5F3E29A1214A635B004CB1ED /* Main.storyboard */ = {
			isa = PBXVariantGroup;
			children = (
				5F3E29A2214A635B004CB1ED /* Base */,
			);
			name = Main.storyboard;
			sourceTree = "<group>";
		};
		5F3E29A6214A635B004CB1ED /* LaunchScreen.storyboard */ = {
			isa = PBXVariantGroup;
			children = (
				5F3E29A7214A635B004CB1ED /* Base */,
			);
			name = LaunchScreen.storyboard;
			sourceTree = "<group>";
		};
/* End PBXVariantGroup section */

/* Begin XCBuildConfiguration section */
		5F3E29AA214A635B004CB1ED /* Debug */ = {
			isa = XCBuildConfiguration;
			buildSettings = {
				ALWAYS_SEARCH_USER_PATHS = NO;
				CLANG_ANALYZER_NONNULL = YES;
				CLANG_CXX_LANGUAGE_STANDARD = "gnu++0x";
				CLANG_CXX_LIBRARY = "libc++";
				CLANG_ENABLE_MODULES = YES;
				CLANG_ENABLE_OBJC_ARC = YES;
				CLANG_WARN_BOOL_CONVERSION = YES;
				CLANG_WARN_CONSTANT_CONVERSION = YES;
				CLANG_WARN_DIRECT_OBJC_ISA_USAGE = YES_ERROR;
				CLANG_WARN_DOCUMENTATION_COMMENTS = YES;
				CLANG_WARN_EMPTY_BODY = YES;
				CLANG_WARN_ENUM_CONVERSION = YES;
				CLANG_WARN_INFINITE_RECURSION = YES;
				CLANG_WARN_INT_CONVERSION = YES;
				CLANG_WARN_OBJC_ROOT_CLASS = YES_ERROR;
				CLANG_WARN_SUSPICIOUS_MOVE = YES;
				CLANG_WARN_UNREACHABLE_CODE = YES;
				CLANG_WARN__DUPLICATE_METHOD_MATCH = YES;
				"CODE_SIGN_IDENTITY[sdk=iphoneos*]" = "iPhone Developer";
				COPY_PHASE_STRIP = NO;
				DEBUG_INFORMATION_FORMAT = dwarf;
				ENABLE_STRICT_OBJC_MSGSEND = YES;
				ENABLE_TESTABILITY = YES;
				GCC_C_LANGUAGE_STANDARD = gnu99;
				GCC_DYNAMIC_NO_PIC = NO;
				GCC_NO_COMMON_BLOCKS = YES;
				GCC_OPTIMIZATION_LEVEL = 0;
				GCC_PREPROCESSOR_DEFINITIONS = (
					"DEBUG=1",
					"$(inherited)",
				);
				GCC_WARN_64_TO_32_BIT_CONVERSION = YES;
				GCC_WARN_ABOUT_RETURN_TYPE = YES_ERROR;
				GCC_WARN_UNDECLARED_SELECTOR = YES;
				GCC_WARN_UNINITIALIZED_AUTOS = YES_AGGRESSIVE;
				GCC_WARN_UNUSED_FUNCTION = YES;
				GCC_WARN_UNUSED_VARIABLE = YES;
				IPHONEOS_DEPLOYMENT_TARGET = 10.2;
				MTL_ENABLE_DEBUG_INFO = YES;
				ONLY_ACTIVE_ARCH = YES;
				SDKROOT = iphoneos;
				SWIFT_ACTIVE_COMPILATION_CONDITIONS = DEBUG;
				SWIFT_OPTIMIZATION_LEVEL = "-Onone";
				TARGETED_DEVICE_FAMILY = "1,2";
			};
			name = Debug;
		};
		5F3E29AB214A635B004CB1ED /* Release */ = {
			isa = XCBuildConfiguration;
			buildSettings = {
				ALWAYS_SEARCH_USER_PATHS = NO;
				CLANG_ANALYZER_NONNULL = YES;
				CLANG_CXX_LANGUAGE_STANDARD = "gnu++0x";
				CLANG_CXX_LIBRARY = "libc++";
				CLANG_ENABLE_MODULES = YES;
				CLANG_ENABLE_OBJC_ARC = YES;
				CLANG_WARN_BOOL_CONVERSION = YES;
				CLANG_WARN_CONSTANT_CONVERSION = YES;
				CLANG_WARN_DIRECT_OBJC_ISA_USAGE = YES_ERROR;
				CLANG_WARN_DOCUMENTATION_COMMENTS = YES;
				CLANG_WARN_EMPTY_BODY = YES;
				CLANG_WARN_ENUM_CONVERSION = YES;
				CLANG_WARN_INFINITE_RECURSION = YES;
				CLANG_WARN_INT_CONVERSION = YES;
				CLANG_WARN_OBJC_ROOT_CLASS = YES_ERROR;
				CLANG_WARN_SUSPICIOUS_MOVE = YES;
				CLANG_WARN_UNREACHABLE_CODE = YES;
				CLANG_WARN__DUPLICATE_METHOD_MATCH = YES;
				"CODE_SIGN_IDENTITY[sdk=iphoneos*]" = "iPhone Developer";
				COPY_PHASE_STRIP = NO;
				DEBUG_INFORMATION_FORMAT = "dwarf-with-dsym";
				ENABLE_NS_ASSERTIONS = NO;
				ENABLE_STRICT_OBJC_MSGSEND = YES;
				GCC_C_LANGUAGE_STANDARD = gnu99;
				GCC_NO_COMMON_BLOCKS = YES;
				GCC_WARN_64_TO_32_BIT_CONVERSION = YES;
				GCC_WARN_ABOUT_RETURN_TYPE = YES_ERROR;
				GCC_WARN_UNDECLARED_SELECTOR = YES;
				GCC_WARN_UNINITIALIZED_AUTOS = YES_AGGRESSIVE;
				GCC_WARN_UNUSED_FUNCTION = YES;
				GCC_WARN_UNUSED_VARIABLE = YES;
				IPHONEOS_DEPLOYMENT_TARGET = 10.2;
				MTL_ENABLE_DEBUG_INFO = NO;
				SDKROOT = iphoneos;
				SWIFT_OPTIMIZATION_LEVEL = "-Owholemodule";
				TARGETED_DEVICE_FAMILY = "1,2";
				VALIDATE_PRODUCT = YES;
			};
			name = Release;
		};
		5F3E29AD214A635B004CB1ED /* Debug */ = {
			isa = XCBuildConfiguration;
			buildSettings = {
				ASSETCATALOG_COMPILER_APPICON_NAME = AppIcon;
				INFOPLIST_FILE = "Hola Mundo/Info.plist";
				LD_RUNPATH_SEARCH_PATHS = "$(inherited) @executable_path/Frameworks";
				PRODUCT_BUNDLE_IDENTIFIER = "es.upm.Hola-Mundo";
				PRODUCT_NAME = "$(TARGET_NAME)";
				SWIFT_VERSION = 3.0;
			};
			name = Debug;
		};
		5F3E29AE214A635B004CB1ED /* Release */ = {
			isa = XCBuildConfiguration;
			buildSettings = {
				ASSETCATALOG_COMPILER_APPICON_NAME = AppIcon;
				INFOPLIST_FILE = "Hola Mundo/Info.plist";
				LD_RUNPATH_SEARCH_PATHS = "$(inherited) @executable_path/Frameworks";
				PRODUCT_BUNDLE_IDENTIFIER = "es.upm.Hola-Mundo";
				PRODUCT_NAME = "$(TARGET_NAME)";
				SWIFT_VERSION = 3.0;
			};
			name = Release;
		};
/* End XCBuildConfiguration section */

/* Begin XCConfigurationList section */
		5F3E2995214A635B004CB1ED /* Build configuration list for PBXProject "Hola Mundo" */ = {
			isa = XCConfigurationList;
			buildConfigurations = (
				5F3E29AA214A635B004CB1ED /* Debug */,
				5F3E29AB214A635B004CB1ED /* Release */,
			);
			defaultConfigurationIsVisible = 0;
			defaultConfigurationName = Release;
		};
		5F3E29AC214A635B004CB1ED /* Build configuration list for PBXNativeTarget "Hola Mundo" */ = {
			isa = XCConfigurationList;
			buildConfigurations = (
				5F3E29AD214A635B004CB1ED /* Debug */,
				5F3E29AE214A635B004CB1ED /* Release */,
			);
			defaultConfigurationIsVisible = 0;
		};
/* End XCConfigurationList section */
	};
	rootObject = 5F3E2992214A635B004CB1ED /* Project object */;
}
